// !$*UTF8*$!
{
	archiveVersion = 1;
	classes = {
	};
	objectVersion = 63;
	objects = {

/* Begin PBXBuildFile section */
		1321ECB45DAF7F61D7E8E28F /* ContentView.swift in Sources */ = {isa = PBXBuildFile; fileRef = 4144236FC954AA905FD01281 /* ContentView.swift */; };
		2174BDD1F284A16628B144C0 /* Transformers in Frameworks */ = {isa = PBXBuildFile; productRef = 670E16F5A4FFF548F823EEA0 /* Transformers */; };
		2195C4C8D408B1CB7FDEBE85 /* LiveStreamView.swift in Sources */ = {isa = PBXBuildFile; fileRef = 91E3E45724456CA4B1BC1DF4 /* LiveStreamView.swift */; };
		3DA5003D2D9F930FE0709AE3 /* ChatMessage.swift in Sources */ = {isa = PBXBuildFile; fileRef = 77D95217E7BF8AAA3F9154D4 /* ChatMessage.swift */; };
		6BBC708182B3548B60FFB8CD /* MedSigLIP_VisionEncoder.mlpackage in Sources */ = {isa = PBXBuildFile; fileRef = 6C0738F64D1290B67D9A49C5 /* MedSigLIP_VisionEncoder.mlpackage */; };
		7EF942550CC6A6DE4BCA85A0 /* WebRTCManager.swift in Sources */ = {isa = PBXBuildFile; fileRef = CAE7FE8098F21F5FD76B049B /* WebRTCManager.swift */; };
		8535AE5713FA92D20CBFB017 /* EmbeddingAPIClient.swift in Sources */ = {isa = PBXBuildFile; fileRef = D636C1B624B702891AA5FFFD /* EmbeddingAPIClient.swift */; };
		893BC8F92A8B20F48EA21D45 /* ImagePreprocessor.swift in Sources */ = {isa = PBXBuildFile; fileRef = D0948B9F9CF258578D7A63D1 /* ImagePreprocessor.swift */; };
		8B4C3667CF54758ADCD6D596 /* App.swift in Sources */ = {isa = PBXBuildFile; fileRef = C7146CAD7FA9AAD97CD5350F /* App.swift */; };
		9E7126CB78CD7D6854955147 /* MedSigLIP_TextEncoder.mlpackage in Sources */ = {isa = PBXBuildFile; fileRef = C94692730A84A26E29C01DBC /* MedSigLIP_TextEncoder.mlpackage */; };
		CD1194FE4A573C50236394C8 /* SignalingClient.swift in Sources */ = {isa = PBXBuildFile; fileRef = B9560730C8E25DE956D1A521 /* SignalingClient.swift */; };
		CE6431A2F2FEF9937C46425C /* MedSigLIPClassifier.swift in Sources */ = {isa = PBXBuildFile; fileRef = E9A630D0D84A2C5328B63BD9 /* MedSigLIPClassifier.swift */; };
		E35E991C75844888EE4EAD02 /* tokenizer in Resources */ = {isa = PBXBuildFile; fileRef = E72604AD5B1E09C27BE9B8DF /* tokenizer */; };
		F7FF5AD0D5F92C4602EA2F82 /* WebRTC in Frameworks */ = {isa = PBXBuildFile; productRef = 84FED3527FEAD448A899BB9D /* WebRTC */; };
/* End PBXBuildFile section */

/* Begin PBXFileReference section */
		4144236FC954AA905FD01281 /* ContentView.swift */ = {isa = PBXFileReference; lastKnownFileType = sourcecode.swift; path = ContentView.swift; sourceTree = "<group>"; };
		54722C75CF2FDCEEF41B8811 /* VitalsApp.app */ = {isa = PBXFileReference; explicitFileType = wrapper.application; includeInIndex = 0; path = VitalsApp.app; sourceTree = BUILT_PRODUCTS_DIR; };
		6C0738F64D1290B67D9A49C5 /* MedSigLIP_VisionEncoder.mlpackage */ = {isa = PBXFileReference; lastKnownFileType = folder.mlpackage; path = MedSigLIP_VisionEncoder.mlpackage; sourceTree = "<group>"; };
		77D95217E7BF8AAA3F9154D4 /* ChatMessage.swift */ = {isa = PBXFileReference; lastKnownFileType = sourcecode.swift; path = ChatMessage.swift; sourceTree = "<group>"; };
		91E3E45724456CA4B1BC1DF4 /* LiveStreamView.swift */ = {isa = PBXFileReference; lastKnownFileType = sourcecode.swift; path = LiveStreamView.swift; sourceTree = "<group>"; };
		B9560730C8E25DE956D1A521 /* SignalingClient.swift */ = {isa = PBXFileReference; lastKnownFileType = sourcecode.swift; path = SignalingClient.swift; sourceTree = "<group>"; };
		C5C098FCEF074EC7901E2DAC /* Info.plist */ = {isa = PBXFileReference; lastKnownFileType = text.plist; path = Info.plist; sourceTree = "<group>"; };
		C7146CAD7FA9AAD97CD5350F /* App.swift */ = {isa = PBXFileReference; lastKnownFileType = sourcecode.swift; path = App.swift; sourceTree = "<group>"; };
		C94692730A84A26E29C01DBC /* MedSigLIP_TextEncoder.mlpackage */ = {isa = PBXFileReference; lastKnownFileType = folder.mlpackage; path = MedSigLIP_TextEncoder.mlpackage; sourceTree = "<group>"; };
		CAE7FE8098F21F5FD76B049B /* WebRTCManager.swift */ = {isa = PBXFileReference; lastKnownFileType = sourcecode.swift; path = WebRTCManager.swift; sourceTree = "<group>"; };
		D0948B9F9CF258578D7A63D1 /* ImagePreprocessor.swift */ = {isa = PBXFileReference; lastKnownFileType = sourcecode.swift; path = ImagePreprocessor.swift; sourceTree = "<group>"; };
		D636C1B624B702891AA5FFFD /* EmbeddingAPIClient.swift */ = {isa = PBXFileReference; lastKnownFileType = sourcecode.swift; path = EmbeddingAPIClient.swift; sourceTree = "<group>"; };
		E72604AD5B1E09C27BE9B8DF /* tokenizer */ = {isa = PBXFileReference; lastKnownFileType = folder; name = tokenizer; path = VitalsApp/Resources/tokenizer; sourceTree = SOURCE_ROOT; };
		E9A630D0D84A2C5328B63BD9 /* MedSigLIPClassifier.swift */ = {isa = PBXFileReference; lastKnownFileType = sourcecode.swift; path = MedSigLIPClassifier.swift; sourceTree = "<group>"; };
/* End PBXFileReference section */

/* Begin PBXFrameworksBuildPhase section */
		F5D675D668B24BDF76B403F2 /* Frameworks */ = {
			isa = PBXFrameworksBuildPhase;
			buildActionMask = 2147483647;
			files = (
				2174BDD1F284A16628B144C0 /* Transformers in Frameworks */,
				F7FF5AD0D5F92C4602EA2F82 /* WebRTC in Frameworks */,
			);
			runOnlyForDeploymentPostprocessing = 0;
		};
/* End PBXFrameworksBuildPhase section */

/* Begin PBXGroup section */
		5709546F893F230F0B1AC850 /* Resources */ = {
			isa = PBXGroup;
			children = (
				C94692730A84A26E29C01DBC /* MedSigLIP_TextEncoder.mlpackage */,
				6C0738F64D1290B67D9A49C5 /* MedSigLIP_VisionEncoder.mlpackage */,
			);
			name = Resources;
			path = VitalsApp/Resources;
			sourceTree = "<group>";
		};
		64E54F465635E66E8A585B4B /* VitalsApp */ = {
			isa = PBXGroup;
			children = (
				C7146CAD7FA9AAD97CD5350F /* App.swift */,
				77D95217E7BF8AAA3F9154D4 /* ChatMessage.swift */,
				4144236FC954AA905FD01281 /* ContentView.swift */,
				D636C1B624B702891AA5FFFD /* EmbeddingAPIClient.swift */,
				D0948B9F9CF258578D7A63D1 /* ImagePreprocessor.swift */,
				C5C098FCEF074EC7901E2DAC /* Info.plist */,
				91E3E45724456CA4B1BC1DF4 /* LiveStreamView.swift */,
				E9A630D0D84A2C5328B63BD9 /* MedSigLIPClassifier.swift */,
				B9560730C8E25DE956D1A521 /* SignalingClient.swift */,
				CAE7FE8098F21F5FD76B049B /* WebRTCManager.swift */,
			);
			path = VitalsApp;
			sourceTree = "<group>";
		};
		8B41D025B1248C5EFF9BAA33 /* Products */ = {
			isa = PBXGroup;
			children = (
				54722C75CF2FDCEEF41B8811 /* VitalsApp.app */,
			);
			name = Products;
			sourceTree = "<group>";
		};
		92AC3F20DB89CED42EA31264 = {
			isa = PBXGroup;
			children = (
				E72604AD5B1E09C27BE9B8DF /* tokenizer */,
				5709546F893F230F0B1AC850 /* Resources */,
				64E54F465635E66E8A585B4B /* VitalsApp */,
				8B41D025B1248C5EFF9BAA33 /* Products */,
			);
			sourceTree = "<group>";
		};
/* End PBXGroup section */

/* Begin PBXNativeTarget section */
		19C528E1B97D3FF88400D999 /* VitalsApp */ = {
			isa = PBXNativeTarget;
			buildConfigurationList = AA72BA2BC6BBD04450E12183 /* Build configuration list for PBXNativeTarget "VitalsApp" */;
			buildPhases = (
				8BBBBB46DCBD957AB670245A /* Sources */,
				05422702F62712F107C7739E /* Resources */,
				F5D675D668B24BDF76B403F2 /* Frameworks */,
			);
			buildRules = (
			);
			dependencies = (
			);
			name = VitalsApp;
			packageProductDependencies = (
				670E16F5A4FFF548F823EEA0 /* Transformers */,
				84FED3527FEAD448A899BB9D /* WebRTC */,
			);
			productName = VitalsApp;
			productReference = 54722C75CF2FDCEEF41B8811 /* VitalsApp.app */;
			productType = "com.apple.product-type.application";
		};
/* End PBXNativeTarget section */

/* Begin PBXProject section */
		0192474FB8199A1C2FFBB06E /* Project object */ = {
			isa = PBXProject;
			attributes = {
				BuildIndependentTargetsInParallel = YES;
				LastUpgradeCheck = 1620;
			};
			buildConfigurationList = E554B082CF9D307EC71D1263 /* Build configuration list for PBXProject "VitalsApp" */;
			compatibilityVersion = "Xcode 14.0";
			developmentRegion = en;
			hasScannedForEncodings = 0;
			knownRegions = (
				Base,
				en,
			);
			mainGroup = 92AC3F20DB89CED42EA31264;
			minimizedProjectReferenceProxies = 1;
			packageReferences = (
				265E7DE7BEED2784D79FB18B /* XCRemoteSwiftPackageReference "WebRTC" */,
				EC79D74A65C2B4058B08777D /* XCRemoteSwiftPackageReference "swift-transformers" */,
			);
			projectDirPath = "";
			projectRoot = "";
			targets = (
				19C528E1B97D3FF88400D999 /* VitalsApp */,
			);
		};
/* End PBXProject section */

/* Begin PBXResourcesBuildPhase section */
		05422702F62712F107C7739E /* Resources */ = {
			isa = PBXResourcesBuildPhase;
			buildActionMask = 2147483647;
			files = (
				E35E991C75844888EE4EAD02 /* tokenizer in Resources */,
			);
			runOnlyForDeploymentPostprocessing = 0;
		};
/* End PBXResourcesBuildPhase section */

/* Begin PBXSourcesBuildPhase section */
		8BBBBB46DCBD957AB670245A /* Sources */ = {
			isa = PBXSourcesBuildPhase;
			buildActionMask = 2147483647;
			files = (
				8B4C3667CF54758ADCD6D596 /* App.swift in Sources */,
				3DA5003D2D9F930FE0709AE3 /* ChatMessage.swift in Sources */,
				1321ECB45DAF7F61D7E8E28F /* ContentView.swift in Sources */,
				8535AE5713FA92D20CBFB017 /* EmbeddingAPIClient.swift in Sources */,
				893BC8F92A8B20F48EA21D45 /* ImagePreprocessor.swift in Sources */,
				2195C4C8D408B1CB7FDEBE85 /* LiveStreamView.swift in Sources */,
				CE6431A2F2FEF9937C46425C /* MedSigLIPClassifier.swift in Sources */,
				9E7126CB78CD7D6854955147 /* MedSigLIP_TextEncoder.mlpackage in Sources */,
				6BBC708182B3548B60FFB8CD /* MedSigLIP_VisionEncoder.mlpackage in Sources */,
				CD1194FE4A573C50236394C8 /* SignalingClient.swift in Sources */,
				7EF942550CC6A6DE4BCA85A0 /* WebRTCManager.swift in Sources */,
			);
			runOnlyForDeploymentPostprocessing = 0;
		};
/* End PBXSourcesBuildPhase section */

/* Begin XCBuildConfiguration section */
		022C3EBD278344ADD62D1279 /* Debug */ = {
			isa = XCBuildConfiguration;
			buildSettings = {
				ASSETCATALOG_COMPILER_APPICON_NAME = AppIcon;
				CODE_SIGN_IDENTITY = "iPhone Developer";
				DEVELOPMENT_TEAM = AXWZ3R4P5R;
				INFOPLIST_FILE = VitalsApp/Info.plist;
				LD_RUNPATH_SEARCH_PATHS = (
					"$(inherited)",
					"@executable_path/Frameworks",
				);
				PRODUCT_BUNDLE_IDENTIFIER = com.vitalsapp.VitalsApp;
				SDKROOT = iphoneos;
				SWIFT_VERSION = 5.9;
				TARGETED_DEVICE_FAMILY = "1,2";
			};
			name = Debug;
		};
		13A93CBE1FE6C68C04FCF2F5 /* Release */ = {
			isa = XCBuildConfiguration;
			buildSettings = {
				ASSETCATALOG_COMPILER_APPICON_NAME = AppIcon;
				CODE_SIGN_IDENTITY = "iPhone Developer";
				DEVELOPMENT_TEAM = AXWZ3R4P5R;
				INFOPLIST_FILE = VitalsApp/Info.plist;
				LD_RUNPATH_SEARCH_PATHS = (
					"$(inherited)",
					"@executable_path/Frameworks",
				);
				PRODUCT_BUNDLE_IDENTIFIER = com.vitalsapp.VitalsApp;
				SDKROOT = iphoneos;
				SWIFT_VERSION = 5.9;
				TARGETED_DEVICE_FAMILY = "1,2";
			};
			name = Release;
		};
		5DC1211BB2A551C3D022C01E /* Debug */ = {
			isa = XCBuildConfiguration;
			buildSettings = {
				ALWAYS_SEARCH_USER_PATHS = NO;
				CLANG_ANALYZER_NONNULL = YES;
				CLANG_ANALYZER_NUMBER_OBJECT_CONVERSION = YES_AGGRESSIVE;
				CLANG_CXX_LANGUAGE_STANDARD = "gnu++14";
				CLANG_CXX_LIBRARY = "libc++";
				CLANG_ENABLE_MODULES = YES;
				CLANG_ENABLE_OBJC_ARC = YES;
				CLANG_ENABLE_OBJC_WEAK = YES;
				CLANG_WARN_BLOCK_CAPTURE_AUTORELEASING = YES;
				CLANG_WARN_BOOL_CONVERSION = YES;
				CLANG_WARN_COMMA = YES;
				CLANG_WARN_CONSTANT_CONVERSION = YES;
				CLANG_WARN_DEPRECATED_OBJC_IMPLEMENTATIONS = YES;
				CLANG_WARN_DIRECT_OBJC_ISA_USAGE = YES_ERROR;
				CLANG_WARN_DOCUMENTATION_COMMENTS = YES;
				CLANG_WARN_EMPTY_BODY = YES;
				CLANG_WARN_ENUM_CONVERSION = YES;
				CLANG_WARN_INFINITE_RECURSION = YES;
				CLANG_WARN_INT_CONVERSION = YES;
				CLANG_WARN_NON_LITERAL_NULL_CONVERSION = YES;
				CLANG_WARN_OBJC_IMPLICIT_RETAIN_SELF = YES;
				CLANG_WARN_OBJC_LITERAL_CONVERSION = YES;
				CLANG_WARN_OBJC_ROOT_CLASS = YES_ERROR;
				CLANG_WARN_QUOTED_INCLUDE_IN_FRAMEWORK_HEADER = YES;
				CLANG_WARN_RANGE_LOOP_ANALYSIS = YES;
				CLANG_WARN_STRICT_PROTOTYPES = YES;
				CLANG_WARN_SUSPICIOUS_MOVE = YES;
				CLANG_WARN_UNGUARDED_AVAILABILITY = YES_AGGRESSIVE;
				CLANG_WARN_UNREACHABLE_CODE = YES;
				CLANG_WARN__DUPLICATE_METHOD_MATCH = YES;
				COPY_PHASE_STRIP = NO;
				DEBUG_INFORMATION_FORMAT = dwarf;
				ENABLE_STRICT_OBJC_MSGSEND = YES;
				ENABLE_TESTABILITY = YES;
				GCC_C_LANGUAGE_STANDARD = gnu11;
				GCC_DYNAMIC_NO_PIC = NO;
				GCC_NO_COMMON_BLOCKS = YES;
				GCC_OPTIMIZATION_LEVEL = 0;
				GCC_PREPROCESSOR_DEFINITIONS = (
					"$(inherited)",
					"DEBUG=1",
				);
				GCC_WARN_64_TO_32_BIT_CONVERSION = YES;
				GCC_WARN_ABOUT_RETURN_TYPE = YES_ERROR;
				GCC_WARN_UNDECLARED_SELECTOR = YES;
				GCC_WARN_UNINITIALIZED_AUTOS = YES_AGGRESSIVE;
				GCC_WARN_UNUSED_FUNCTION = YES;
				GCC_WARN_UNUSED_VARIABLE = YES;
				IPHONEOS_DEPLOYMENT_TARGET = 17.0;
				MTL_ENABLE_DEBUG_INFO = INCLUDE_SOURCE;
				MTL_FAST_MATH = YES;
				ONLY_ACTIVE_ARCH = YES;
				PRODUCT_NAME = "$(TARGET_NAME)";
				SDKROOT = iphoneos;
				SWIFT_ACTIVE_COMPILATION_CONDITIONS = DEBUG;
				SWIFT_OPTIMIZATION_LEVEL = "-Onone";
				SWIFT_VERSION = 5.0;
			};
			name = Debug;
		};
		F533BC8C1E020B34DECCF4AA /* Release */ = {
			isa = XCBuildConfiguration;
			buildSettings = {
				ALWAYS_SEARCH_USER_PATHS = NO;
				CLANG_ANALYZER_NONNULL = YES;
				CLANG_ANALYZER_NUMBER_OBJECT_CONVERSION = YES_AGGRESSIVE;
				CLANG_CXX_LANGUAGE_STANDARD = "gnu++14";
				CLANG_CXX_LIBRARY = "libc++";
				CLANG_ENABLE_MODULES = YES;
				CLANG_ENABLE_OBJC_ARC = YES;
				CLANG_ENABLE_OBJC_WEAK = YES;
				CLANG_WARN_BLOCK_CAPTURE_AUTORELEASING = YES;
				CLANG_WARN_BOOL_CONVERSION = YES;
				CLANG_WARN_COMMA = YES;
				CLANG_WARN_CONSTANT_CONVERSION = YES;
				CLANG_WARN_DEPRECATED_OBJC_IMPLEMENTATIONS = YES;
				CLANG_WARN_DIRECT_OBJC_ISA_USAGE = YES_ERROR;
				CLANG_WARN_DOCUMENTATION_COMMENTS = YES;
				CLANG_WARN_EMPTY_BODY = YES;
				CLANG_WARN_ENUM_CONVERSION = YES;
				CLANG_WARN_INFINITE_RECURSION = YES;
				CLANG_WARN_INT_CONVERSION = YES;
				CLANG_WARN_NON_LITERAL_NULL_CONVERSION = YES;
				CLANG_WARN_OBJC_IMPLICIT_RETAIN_SELF = YES;
				CLANG_WARN_OBJC_LITERAL_CONVERSION = YES;
				CLANG_WARN_OBJC_ROOT_CLASS = YES_ERROR;
				CLANG_WARN_QUOTED_INCLUDE_IN_FRAMEWORK_HEADER = YES;
				CLANG_WARN_RANGE_LOOP_ANALYSIS = YES;
				CLANG_WARN_STRICT_PROTOTYPES = YES;
				CLANG_WARN_SUSPICIOUS_MOVE = YES;
				CLANG_WARN_UNGUARDED_AVAILABILITY = YES_AGGRESSIVE;
				CLANG_WARN_UNREACHABLE_CODE = YES;
				CLANG_WARN__DUPLICATE_METHOD_MATCH = YES;
				COPY_PHASE_STRIP = NO;
				DEBUG_INFORMATION_FORMAT = "dwarf-with-dsym";
				ENABLE_NS_ASSERTIONS = NO;
				ENABLE_STRICT_OBJC_MSGSEND = YES;
				GCC_C_LANGUAGE_STANDARD = gnu11;
				GCC_NO_COMMON_BLOCKS = YES;
				GCC_WARN_64_TO_32_BIT_CONVERSION = YES;
				GCC_WARN_ABOUT_RETURN_TYPE = YES_ERROR;
				GCC_WARN_UNDECLARED_SELECTOR = YES;
				GCC_WARN_UNINITIALIZED_AUTOS = YES_AGGRESSIVE;
				GCC_WARN_UNUSED_FUNCTION = YES;
				GCC_WARN_UNUSED_VARIABLE = YES;
				IPHONEOS_DEPLOYMENT_TARGET = 17.0;
				MTL_ENABLE_DEBUG_INFO = NO;
				MTL_FAST_MATH = YES;
				PRODUCT_NAME = "$(TARGET_NAME)";
				SDKROOT = iphoneos;
				SWIFT_COMPILATION_MODE = wholemodule;
				SWIFT_OPTIMIZATION_LEVEL = "-O";
				SWIFT_VERSION = 5.0;
			};
			name = Release;
		};
/* End XCBuildConfiguration section */

/* Begin XCConfigurationList section */
		AA72BA2BC6BBD04450E12183 /* Build configuration list for PBXNativeTarget "VitalsApp" */ = {
			isa = XCConfigurationList;
			buildConfigurations = (
				022C3EBD278344ADD62D1279 /* Debug */,
				13A93CBE1FE6C68C04FCF2F5 /* Release */,
			);
			defaultConfigurationIsVisible = 0;
			defaultConfigurationName = Debug;
		};
		E554B082CF9D307EC71D1263 /* Build configuration list for PBXProject "VitalsApp" */ = {
			isa = XCConfigurationList;
			buildConfigurations = (
				5DC1211BB2A551C3D022C01E /* Debug */,
				F533BC8C1E020B34DECCF4AA /* Release */,
			);
			defaultConfigurationIsVisible = 0;
			defaultConfigurationName = Debug;
		};
/* End XCConfigurationList section */

/* Begin XCRemoteSwiftPackageReference section */
		265E7DE7BEED2784D79FB18B /* XCRemoteSwiftPackageReference "WebRTC" */ = {
			isa = XCRemoteSwiftPackageReference;
			repositoryURL = "https://github.com/stasel/WebRTC";
			requirement = {
				kind = upToNextMajorVersion;
				minimumVersion = 126.0.0;
			};
		};
		EC79D74A65C2B4058B08777D /* XCRemoteSwiftPackageReference "swift-transformers" */ = {
			isa = XCRemoteSwiftPackageReference;
			repositoryURL = "https://github.com/huggingface/swift-transformers";
			requirement = {
				kind = upToNextMajorVersion;
				minimumVersion = 0.1.12;
			};
		};
/* End XCRemoteSwiftPackageReference section */

/* Begin XCSwiftPackageProductDependency section */
		670E16F5A4FFF548F823EEA0 /* Transformers */ = {
			isa = XCSwiftPackageProductDependency;
			package = EC79D74A65C2B4058B08777D /* XCRemoteSwiftPackageReference "swift-transformers" */;
			productName = Transformers;
		};
		84FED3527FEAD448A899BB9D /* WebRTC */ = {
			isa = XCSwiftPackageProductDependency;
			package = 265E7DE7BEED2784D79FB18B /* XCRemoteSwiftPackageReference "WebRTC" */;
			productName = WebRTC;
		};
/* End XCSwiftPackageProductDependency section */
	};
	rootObject = 0192474FB8199A1C2FFBB06E /* Project object */;
}
